
Microsoft Visual Studio Solution File, Format Version 12.00
# Visual Studio Version 16
VisualStudioVersion = 16.0.30523.141
MinimumVisualStudioVersion = 10.0.40219.1
Project("{FAE04EC0-301F-11D3-BF4B-00C04F79EFBC}") = "TeknikDestek1", "TeknikDestek1.csproj", "{ACB21A8E-5A08-4336-9245-150344F1A434}"
EndProject
Global
	GlobalSection(SolutionConfigurationPlatforms) = preSolution
		Debug|Any CPU = Debug|Any CPU
		Release|Any CPU = Release|Any CPU
	EndGlobalSection
	GlobalSection(ProjectConfigurationPlatforms) = postSolution
		{ACB21A8E-5A08-4336-9245-150344F1A434}.Debug|Any CPU.ActiveCfg = Debug|Any CPU
		{ACB21A8E-5A08-4336-9245-150344F1A434}.Debug|Any CPU.Build.0 = Debug|Any CPU
		{ACB21A8E-5A08-4336-9245-150344F1A434}.Release|Any CPU.ActiveCfg = Release|Any CPU
		{ACB21A8E-5A08-4336-9245-150344F1A434}.Release|Any CPU.Build.0 = Release|Any CPU
	EndGlobalSection
	GlobalSection(SolutionProperties) = preSolution
		HideSolutionNode = FALSE
	EndGlobalSection
	GlobalSection(ExtensibilityGlobals) = postSolution
		SolutionGuid = {CDFEA4B8-94DB-47D2-9DA5-A35159229FA0}
	EndGlobalSection
EndGlobal
